
Microsoft Visual Studio Solution File, Format Version 12.00
# Visual Studio 15
VisualStudioVersion = 15.0.28307.1169
MinimumVisualStudioVersion = 10.0.40219.1
Project("{FAE04EC0-301F-11D3-BF4B-00C04F79EFBC}") = "BHoM_UI", "BHoM_UI\BHoM_UI.csproj", "{69F4F042-E23A-4673-AB32-3D787CFA976C}"
EndProject
Project("{FAE04EC0-301F-11D3-BF4B-00C04F79EFBC}") = "UI_oM", "UI_oM\UI_oM.csproj", "{50D4C1ED-C16C-4365-A742-938BF49EC4B0}"
EndProject
Project("{FAE04EC0-301F-11D3-BF4B-00C04F79EFBC}") = "UI_Engine", "UI_Engine\UI_Engine.csproj", "{565DDBD0-5C04-4BE9-B57D-CE54C2124ABB}"
	ProjectSection(ProjectDependencies) = postProject
		{50D4C1ED-C16C-4365-A742-938BF49EC4B0} = {50D4C1ED-C16C-4365-A742-938BF49EC4B0}
	EndProjectSection
EndProject
Global
	GlobalSection(SolutionConfigurationPlatforms) = preSolution
		Debug|Any CPU = Debug|Any CPU
		Release|Any CPU = Release|Any CPU
	EndGlobalSection
	GlobalSection(ProjectConfigurationPlatforms) = postSolution
		{69F4F042-E23A-4673-AB32-3D787CFA976C}.Debug|Any CPU.ActiveCfg = Debug|Any CPU
		{69F4F042-E23A-4673-AB32-3D787CFA976C}.Debug|Any CPU.Build.0 = Debug|Any CPU
		{69F4F042-E23A-4673-AB32-3D787CFA976C}.Release|Any CPU.ActiveCfg = Release|Any CPU
		{69F4F042-E23A-4673-AB32-3D787CFA976C}.Release|Any CPU.Build.0 = Release|Any CPU
		{50D4C1ED-C16C-4365-A742-938BF49EC4B0}.Debug|Any CPU.ActiveCfg = Debug|Any CPU
		{50D4C1ED-C16C-4365-A742-938BF49EC4B0}.Debug|Any CPU.Build.0 = Debug|Any CPU
		{50D4C1ED-C16C-4365-A742-938BF49EC4B0}.Release|Any CPU.ActiveCfg = Release|Any CPU
		{50D4C1ED-C16C-4365-A742-938BF49EC4B0}.Release|Any CPU.Build.0 = Release|Any CPU
		{565DDBD0-5C04-4BE9-B57D-CE54C2124ABB}.Debug|Any CPU.ActiveCfg = Debug|Any CPU
		{565DDBD0-5C04-4BE9-B57D-CE54C2124ABB}.Debug|Any CPU.Build.0 = Debug|Any CPU
		{565DDBD0-5C04-4BE9-B57D-CE54C2124ABB}.Release|Any CPU.ActiveCfg = Release|Any CPU
		{565DDBD0-5C04-4BE9-B57D-CE54C2124ABB}.Release|Any CPU.Build.0 = Release|Any CPU
	EndGlobalSection
	GlobalSection(SolutionProperties) = preSolution
		HideSolutionNode = FALSE
	EndGlobalSection
	GlobalSection(ExtensibilityGlobals) = postSolution
		SolutionGuid = {7EE0F3DF-D069-42D3-8CDE-1FC0F35367D4}
	EndGlobalSection
EndGlobal
