
Microsoft Visual Studio Solution File, Format Version 12.00
# Visual Studio 15
VisualStudioVersion = 15.0.28307.1259
MinimumVisualStudioVersion = 10.0.40219.1
Project("{FAE04EC0-301F-11D3-BF4B-00C04F79EFBC}") = "UI_Test", "UI_Test\UI_Test.csproj", "{5BE3286F-960E-4EB6-9EE5-4CFF6B394E10}"
EndProject
Global
	GlobalSection(SolutionConfigurationPlatforms) = preSolution
		Debug|Any CPU = Debug|Any CPU
		Release|Any CPU = Release|Any CPU
	EndGlobalSection
	GlobalSection(ProjectConfigurationPlatforms) = postSolution
		{5BE3286F-960E-4EB6-9EE5-4CFF6B394E10}.Debug|Any CPU.ActiveCfg = Debug|Any CPU
		{5BE3286F-960E-4EB6-9EE5-4CFF6B394E10}.Debug|Any CPU.Build.0 = Debug|Any CPU
		{5BE3286F-960E-4EB6-9EE5-4CFF6B394E10}.Release|Any CPU.ActiveCfg = Release|Any CPU
		{5BE3286F-960E-4EB6-9EE5-4CFF6B394E10}.Release|Any CPU.Build.0 = Release|Any CPU
	EndGlobalSection
	GlobalSection(SolutionProperties) = preSolution
		HideSolutionNode = FALSE
	EndGlobalSection
	GlobalSection(ExtensibilityGlobals) = postSolution
		SolutionGuid = {971A6A49-B5EE-446A-BFDB-D453673F9CD2}
	EndGlobalSection
EndGlobal
